// !$*UTF8*$!
{
	archiveVersion = 1;
	classes = {
	};
	objectVersion = 46;
	objects = {

/* Begin PBXBuildFile section */
		B2F07A331CB01A2400706E6F /* AppDelegate.swift in Sources */ = {isa = PBXBuildFile; fileRef = B2F07A321CB01A2400706E6F /* AppDelegate.swift */; };
		B2F07A351CB01A2400706E6F /* TravelLocationsMapViewController.swift in Sources */ = {isa = PBXBuildFile; fileRef = B2F07A341CB01A2400706E6F /* TravelLocationsMapViewController.swift */; };
		B2F07A381CB01A2400706E6F /* Main.storyboard in Resources */ = {isa = PBXBuildFile; fileRef = B2F07A361CB01A2400706E6F /* Main.storyboard */; };
		B2F07A3B1CB01A2400706E6F /* VirtualTourist.xcdatamodeld in Sources */ = {isa = PBXBuildFile; fileRef = B2F07A391CB01A2400706E6F /* VirtualTourist.xcdatamodeld */; };
		B2F07A3D1CB01A2400706E6F /* Assets.xcassets in Resources */ = {isa = PBXBuildFile; fileRef = B2F07A3C1CB01A2400706E6F /* Assets.xcassets */; };
		B2F07A401CB01A2400706E6F /* LaunchScreen.storyboard in Resources */ = {isa = PBXBuildFile; fileRef = B2F07A3E1CB01A2400706E6F /* LaunchScreen.storyboard */; };
		B2F07A481CB0202300706E6F /* PhotoAlbumViewController.swift in Sources */ = {isa = PBXBuildFile; fileRef = B2F07A471CB0202300706E6F /* PhotoAlbumViewController.swift */; };
/* End PBXBuildFile section */

/* Begin PBXFileReference section */
		B2F07A2F1CB01A2400706E6F /* VirtualTourist.app */ = {isa = PBXFileReference; explicitFileType = wrapper.application; includeInIndex = 0; path = VirtualTourist.app; sourceTree = BUILT_PRODUCTS_DIR; };
		B2F07A321CB01A2400706E6F /* AppDelegate.swift */ = {isa = PBXFileReference; lastKnownFileType = sourcecode.swift; path = AppDelegate.swift; sourceTree = "<group>"; };
		B2F07A341CB01A2400706E6F /* TravelLocationsMapViewController.swift */ = {isa = PBXFileReference; lastKnownFileType = sourcecode.swift; path = TravelLocationsMapViewController.swift; sourceTree = "<group>"; };
		B2F07A371CB01A2400706E6F /* Base */ = {isa = PBXFileReference; lastKnownFileType = file.storyboard; name = Base; path = Base.lproj/Main.storyboard; sourceTree = "<group>"; };
		B2F07A3A1CB01A2400706E6F /* VirtualTourist.xcdatamodel */ = {isa = PBXFileReference; lastKnownFileType = wrapper.xcdatamodel; path = VirtualTourist.xcdatamodel; sourceTree = "<group>"; };
		B2F07A3C1CB01A2400706E6F /* Assets.xcassets */ = {isa = PBXFileReference; lastKnownFileType = folder.assetcatalog; path = Assets.xcassets; sourceTree = "<group>"; };
		B2F07A3F1CB01A2400706E6F /* Base */ = {isa = PBXFileReference; lastKnownFileType = file.storyboard; name = Base; path = Base.lproj/LaunchScreen.storyboard; sourceTree = "<group>"; };
		B2F07A411CB01A2400706E6F /* Info.plist */ = {isa = PBXFileReference; lastKnownFileType = text.plist.xml; path = Info.plist; sourceTree = "<group>"; };
		B2F07A471CB0202300706E6F /* PhotoAlbumViewController.swift */ = {isa = PBXFileReference; fileEncoding = 4; lastKnownFileType = sourcecode.swift; path = PhotoAlbumViewController.swift; sourceTree = "<group>"; };
/* End PBXFileReference section */

/* Begin PBXFrameworksBuildPhase section */
		B2F07A2C1CB01A2400706E6F /* Frameworks */ = {
			isa = PBXFrameworksBuildPhase;
			buildActionMask = 2147483647;
			files = (
			);
			runOnlyForDeploymentPostprocessing = 0;
		};
/* End PBXFrameworksBuildPhase section */

/* Begin PBXGroup section */
		B2F07A261CB01A2400706E6F = {
			isa = PBXGroup;
			children = (
				B2F07A311CB01A2400706E6F /* VirtualTourist */,
				B2F07A301CB01A2400706E6F /* Products */,
			);
			sourceTree = "<group>";
		};
		B2F07A301CB01A2400706E6F /* Products */ = {
			isa = PBXGroup;
			children = (
				B2F07A2F1CB01A2400706E6F /* VirtualTourist.app */,
			);
			name = Products;
			sourceTree = "<group>";
		};
		B2F07A311CB01A2400706E6F /* VirtualTourist */ = {
			isa = PBXGroup;
			children = (
				B2F07A321CB01A2400706E6F /* AppDelegate.swift */,
				B2F07A341CB01A2400706E6F /* TravelLocationsMapViewController.swift */,
				B2F07A471CB0202300706E6F /* PhotoAlbumViewController.swift */,
				B2F07A361CB01A2400706E6F /* Main.storyboard */,
				B2F07A3C1CB01A2400706E6F /* Assets.xcassets */,
				B2F07A3E1CB01A2400706E6F /* LaunchScreen.storyboard */,
				B2F07A411CB01A2400706E6F /* Info.plist */,
				B2F07A391CB01A2400706E6F /* VirtualTourist.xcdatamodeld */,
			);
			path = VirtualTourist;
			sourceTree = "<group>";
		};
/* End PBXGroup section */

/* Begin PBXNativeTarget section */
		B2F07A2E1CB01A2400706E6F /* VirtualTourist */ = {
			isa = PBXNativeTarget;
			buildConfigurationList = B2F07A441CB01A2400706E6F /* Build configuration list for PBXNativeTarget "VirtualTourist" */;
			buildPhases = (
				B2F07A2B1CB01A2400706E6F /* Sources */,
				B2F07A2C1CB01A2400706E6F /* Frameworks */,
				B2F07A2D1CB01A2400706E6F /* Resources */,
			);
			buildRules = (
			);
			dependencies = (
			);
			name = VirtualTourist;
			productName = VirtualTourist;
			productReference = B2F07A2F1CB01A2400706E6F /* VirtualTourist.app */;
			productType = "com.apple.product-type.application";
		};
/* End PBXNativeTarget section */

/* Begin PBXProject section */
		B2F07A271CB01A2400706E6F /* Project object */ = {
			isa = PBXProject;
			attributes = {
				LastSwiftUpdateCheck = 0730;
				LastUpgradeCheck = 0730;
				ORGANIZATIONNAME = "Benny Rodriguez";
				TargetAttributes = {
					B2F07A2E1CB01A2400706E6F = {
						CreatedOnToolsVersion = 7.3;
					};
				};
			};
			buildConfigurationList = B2F07A2A1CB01A2400706E6F /* Build configuration list for PBXProject "VirtualTourist" */;
			compatibilityVersion = "Xcode 3.2";
			developmentRegion = English;
			hasScannedForEncodings = 0;
			knownRegions = (
				en,
				Base,
			);
			mainGroup = B2F07A261CB01A2400706E6F;
			productRefGroup = B2F07A301CB01A2400706E6F /* Products */;
			projectDirPath = "";
			projectRoot = "";
			targets = (
				B2F07A2E1CB01A2400706E6F /* VirtualTourist */,
			);
		};
/* End PBXProject section */

/* Begin PBXResourcesBuildPhase section */
		B2F07A2D1CB01A2400706E6F /* Resources */ = {
			isa = PBXResourcesBuildPhase;
			buildActionMask = 2147483647;
			files = (
				B2F07A401CB01A2400706E6F /* LaunchScreen.storyboard in Resources */,
				B2F07A3D1CB01A2400706E6F /* Assets.xcassets in Resources */,
				B2F07A381CB01A2400706E6F /* Main.storyboard in Resources */,
			);
			runOnlyForDeploymentPostprocessing = 0;
		};
/* End PBXResourcesBuildPhase section */

/* Begin PBXSourcesBuildPhase section */
		B2F07A2B1CB01A2400706E6F /* Sources */ = {
			isa = PBXSourcesBuildPhase;
			buildActionMask = 2147483647;
			files = (
				B2F07A351CB01A2400706E6F /* TravelLocationsMapViewController.swift in Sources */,
				B2F07A331CB01A2400706E6F /* AppDelegate.swift in Sources */,
				B2F07A3B1CB01A2400706E6F /* VirtualTourist.xcdatamodeld in Sources */,
				B2F07A481CB0202300706E6F /* PhotoAlbumViewController.swift in Sources */,
			);
			runOnlyForDeploymentPostprocessing = 0;
		};
/* End PBXSourcesBuildPhase section */

/* Begin PBXVariantGroup section */
		B2F07A361CB01A2400706E6F /* Main.storyboard */ = {
			isa = PBXVariantGroup;
			children = (
				B2F07A371CB01A2400706E6F /* Base */,
			);
			name = Main.storyboard;
			sourceTree = "<group>";
		};
		B2F07A3E1CB01A2400706E6F /* LaunchScreen.storyboard */ = {
			isa = PBXVariantGroup;
			children = (
				B2F07A3F1CB01A2400706E6F /* Base */,
			);
			name = LaunchScreen.storyboard;
			sourceTree = "<group>";
		};
/* End PBXVariantGroup section */

/* Begin XCBuildConfiguration section */
		B2F07A421CB01A2400706E6F /* Debug */ = {
			isa = XCBuildConfiguration;
			buildSettings = {
				ALWAYS_SEARCH_USER_PATHS = NO;
				CLANG_ANALYZER_NONNULL = YES;
				CLANG_CXX_LANGUAGE_STANDARD = "gnu++0x";
				CLANG_CXX_LIBRARY = "libc++";
				CLANG_ENABLE_MODULES = YES;
				CLANG_ENABLE_OBJC_ARC = YES;
				CLANG_WARN_BOOL_CONVERSION = YES;
				CLANG_WARN_CONSTANT_CONVERSION = YES;
				CLANG_WARN_DIRECT_OBJC_ISA_USAGE = YES_ERROR;
				CLANG_WARN_EMPTY_BODY = YES;
				CLANG_WARN_ENUM_CONVERSION = YES;
				CLANG_WARN_INT_CONVERSION = YES;
				CLANG_WARN_OBJC_ROOT_CLASS = YES_ERROR;
				CLANG_WARN_UNREACHABLE_CODE = YES;
				CLANG_WARN__DUPLICATE_METHOD_MATCH = YES;
				"CODE_SIGN_IDENTITY[sdk=iphoneos*]" = "iPhone Developer";
				COPY_PHASE_STRIP = NO;
				DEBUG_INFORMATION_FORMAT = dwarf;
				ENABLE_STRICT_OBJC_MSGSEND = YES;
				ENABLE_TESTABILITY = YES;
				GCC_C_LANGUAGE_STANDARD = gnu99;
				GCC_DYNAMIC_NO_PIC = NO;
				GCC_NO_COMMON_BLOCKS = YES;
				GCC_OPTIMIZATION_LEVEL = 0;
				GCC_PREPROCESSOR_DEFINITIONS = (
					"DEBUG=1",
					"$(inherited)",
				);
				GCC_WARN_64_TO_32_BIT_CONVERSION = YES;
				GCC_WARN_ABOUT_RETURN_TYPE = YES_ERROR;
				GCC_WARN_UNDECLARED_SELECTOR = YES;
				GCC_WARN_UNINITIALIZED_AUTOS = YES_AGGRESSIVE;
				GCC_WARN_UNUSED_FUNCTION = YES;
				GCC_WARN_UNUSED_VARIABLE = YES;
				IPHONEOS_DEPLOYMENT_TARGET = 9.3;
				MTL_ENABLE_DEBUG_INFO = YES;
				ONLY_ACTIVE_ARCH = YES;
				SDKROOT = iphoneos;
				SWIFT_OPTIMIZATION_LEVEL = "-Onone";
			};
			name = Debug;
		};
		B2F07A431CB01A2400706E6F /* Release */ = {
			isa = XCBuildConfiguration;
			buildSettings = {
				ALWAYS_SEARCH_USER_PATHS = NO;
				CLANG_ANALYZER_NONNULL = YES;
				CLANG_CXX_LANGUAGE_STANDARD = "gnu++0x";
				CLANG_CXX_LIBRARY = "libc++";
				CLANG_ENABLE_MODULES = YES;
				CLANG_ENABLE_OBJC_ARC = YES;
				CLANG_WARN_BOOL_CONVERSION = YES;
				CLANG_WARN_CONSTANT_CONVERSION = YES;
				CLANG_WARN_DIRECT_OBJC_ISA_USAGE = YES_ERROR;
				CLANG_WARN_EMPTY_BODY = YES;
				CLANG_WARN_ENUM_CONVERSION = YES;
				CLANG_WARN_INT_CONVERSION = YES;
				CLANG_WARN_OBJC_ROOT_CLASS = YES_ERROR;
				CLANG_WARN_UNREACHABLE_CODE = YES;
				CLANG_WARN__DUPLICATE_METHOD_MATCH = YES;
				"CODE_SIGN_IDENTITY[sdk=iphoneos*]" = "iPhone Developer";
				COPY_PHASE_STRIP = NO;
				DEBUG_INFORMATION_FORMAT = "dwarf-with-dsym";
				ENABLE_NS_ASSERTIONS = NO;
				ENABLE_STRICT_OBJC_MSGSEND = YES;
				GCC_C_LANGUAGE_STANDARD = gnu99;
				GCC_NO_COMMON_BLOCKS = YES;
				GCC_WARN_64_TO_32_BIT_CONVERSION = YES;
				GCC_WARN_ABOUT_RETURN_TYPE = YES_ERROR;
				GCC_WARN_UNDECLARED_SELECTOR = YES;
				GCC_WARN_UNINITIALIZED_AUTOS = YES_AGGRESSIVE;
				GCC_WARN_UNUSED_FUNCTION = YES;
				GCC_WARN_UNUSED_VARIABLE = YES;
				IPHONEOS_DEPLOYMENT_TARGET = 9.3;
				MTL_ENABLE_DEBUG_INFO = NO;
				SDKROOT = iphoneos;
				VALIDATE_PRODUCT = YES;
			};
			name = Release;
		};
		B2F07A451CB01A2400706E6F /* Debug */ = {
			isa = XCBuildConfiguration;
			buildSettings = {
				ASSETCATALOG_COMPILER_APPICON_NAME = AppIcon;
				INFOPLIST_FILE = VirtualTourist/Info.plist;
				LD_RUNPATH_SEARCH_PATHS = "$(inherited) @executable_path/Frameworks";
				PRODUCT_BUNDLE_IDENTIFIER = com.brodr.VirtualTourist;
				PRODUCT_NAME = "$(TARGET_NAME)";
			};
			name = Debug;
		};
		B2F07A461CB01A2400706E6F /* Release */ = {
			isa = XCBuildConfiguration;
			buildSettings = {
				ASSETCATALOG_COMPILER_APPICON_NAME = AppIcon;
				INFOPLIST_FILE = VirtualTourist/Info.plist;
				LD_RUNPATH_SEARCH_PATHS = "$(inherited) @executable_path/Frameworks";
				PRODUCT_BUNDLE_IDENTIFIER = com.brodr.VirtualTourist;
				PRODUCT_NAME = "$(TARGET_NAME)";
			};
			name = Release;
		};
/* End XCBuildConfiguration section */

/* Begin XCConfigurationList section */
		B2F07A2A1CB01A2400706E6F /* Build configuration list for PBXProject "VirtualTourist" */ = {
			isa = XCConfigurationList;
			buildConfigurations = (
				B2F07A421CB01A2400706E6F /* Debug */,
				B2F07A431CB01A2400706E6F /* Release */,
			);
			defaultConfigurationIsVisible = 0;
			defaultConfigurationName = Release;
		};
		B2F07A441CB01A2400706E6F /* Build configuration list for PBXNativeTarget "VirtualTourist" */ = {
			isa = XCConfigurationList;
			buildConfigurations = (
				B2F07A451CB01A2400706E6F /* Debug */,
				B2F07A461CB01A2400706E6F /* Release */,
			);
			defaultConfigurationIsVisible = 0;
		};
/* End XCConfigurationList section */

/* Begin XCVersionGroup section */
		B2F07A391CB01A2400706E6F /* VirtualTourist.xcdatamodeld */ = {
			isa = XCVersionGroup;
			children = (
				B2F07A3A1CB01A2400706E6F /* VirtualTourist.xcdatamodel */,
			);
			currentVersion = B2F07A3A1CB01A2400706E6F /* VirtualTourist.xcdatamodel */;
			path = VirtualTourist.xcdatamodeld;
			sourceTree = "<group>";
			versionGroupType = wrapper.xcdatamodel;
		};
/* End XCVersionGroup section */
	};
	rootObject = B2F07A271CB01A2400706E6F /* Project object */;
}
